
Microsoft Visual Studio Solution File, Format Version 12.00
# Visual Studio 2013
VisualStudioVersion = 12.0.31101.0
MinimumVisualStudioVersion = 10.0.40219.1
Project("{FAE04EC0-301F-11D3-BF4B-00C04F79EFBC}") = "KutterAlgorithm", "KutterAlgorithm\KutterAlgorithm.csproj", "{C9A30238-FD16-4FEC-BC9A-693BA65CAB1E}"
EndProject
Global
	GlobalSection(SolutionConfigurationPlatforms) = preSolution
		Concealment|Any CPU = Concealment|Any CPU
		Debug|Any CPU = Debug|Any CPU
		Release|Any CPU = Release|Any CPU
		Signature|Any CPU = Signature|Any CPU
	EndGlobalSection
	GlobalSection(ProjectConfigurationPlatforms) = postSolution
		{C9A30238-FD16-4FEC-BC9A-693BA65CAB1E}.Concealment|Any CPU.ActiveCfg = Concealment|Any CPU
		{C9A30238-FD16-4FEC-BC9A-693BA65CAB1E}.Concealment|Any CPU.Build.0 = Concealment|Any CPU
		{C9A30238-FD16-4FEC-BC9A-693BA65CAB1E}.Debug|Any CPU.ActiveCfg = Debug|Any CPU
		{C9A30238-FD16-4FEC-BC9A-693BA65CAB1E}.Debug|Any CPU.Build.0 = Debug|Any CPU
		{C9A30238-FD16-4FEC-BC9A-693BA65CAB1E}.Release|Any CPU.ActiveCfg = Release|Any CPU
		{C9A30238-FD16-4FEC-BC9A-693BA65CAB1E}.Release|Any CPU.Build.0 = Release|Any CPU
		{C9A30238-FD16-4FEC-BC9A-693BA65CAB1E}.Signature|Any CPU.ActiveCfg = Signature|Any CPU
		{C9A30238-FD16-4FEC-BC9A-693BA65CAB1E}.Signature|Any CPU.Build.0 = Signature|Any CPU
	EndGlobalSection
	GlobalSection(SolutionProperties) = preSolution
		HideSolutionNode = FALSE
	EndGlobalSection
EndGlobal
